
Microsoft Visual Studio Solution File, Format Version 12.00
# Visual Studio 2013
VisualStudioVersion = 12.0.30723.0
MinimumVisualStudioVersion = 10.0.40219.1
Project("{FAE04EC0-301F-11D3-BF4B-00C04F79EFBC}") = "Contact.Monitoring.Web", "Contact.Monitoring.Web\Contact.Monitoring.Web.csproj", "{DB44EFCA-E7D2-4AD5-BC7F-790DCBEEC0AF}"
EndProject
Project("{FAE04EC0-301F-11D3-BF4B-00C04F79EFBC}") = "Contact.Monitoring", "Contact.Monitoring\Contact.Monitoring.csproj", "{8BC5AB52-E67F-4A24-BF56-A7F1AA45B851}"
EndProject
Project("{FAE04EC0-301F-11D3-BF4B-00C04F79EFBC}") = "Contact.Monitoring.Agent", "Contact.Monitoring.Agent\Contact.Monitoring.Agent.csproj", "{D53A6C1C-947B-47F0-A88C-767D8702ED5C}"
EndProject
Project("{FAE04EC0-301F-11D3-BF4B-00C04F79EFBC}") = "Contact.Monitoring.PerformanceMonitor", "Contact.Monitoring.PerformanceCounter\Contact.Monitoring.PerformanceMonitor.csproj", "{7C069B6E-6BE7-4858-BF02-723C0BBC3BF5}"
EndProject
Project("{2150E333-8FDC-42A3-9474-1A3956D46DE8}") = ".nuget", ".nuget", "{C1BBDD35-E5E0-4EFA-A41D-B8D89327DD82}"
	ProjectSection(SolutionItems) = preProject
		.nuget\NuGet.Config = .nuget\NuGet.Config
		.nuget\NuGet.exe = .nuget\NuGet.exe
		.nuget\NuGet.targets = .nuget\NuGet.targets
	EndProjectSection
EndProject
Project("{FAE04EC0-301F-11D3-BF4B-00C04F79EFBC}") = "Mechanisms", "..\..\Tesco-Contact\Source\Mechanisms\Mechanisms.csproj", "{CB45C8D3-6167-49DA-98FD-77BEB38F4DAB}"
EndProject
Global
	GlobalSection(SolutionConfigurationPlatforms) = preSolution
		Acceptance|Any CPU = Acceptance|Any CPU
		Acceptance|x64 = Acceptance|x64
		Acceptance|x86 = Acceptance|x86
		Debug|Any CPU = Debug|Any CPU
		Debug|x64 = Debug|x64
		Debug|x86 = Debug|x86
		Demo|Any CPU = Demo|Any CPU
		Demo|x64 = Demo|x64
		Demo|x86 = Demo|x86
		Integration|Any CPU = Integration|Any CPU
		Integration|x64 = Integration|x64
		Integration|x86 = Integration|x86
		Performance|Any CPU = Performance|Any CPU
		Performance|x64 = Performance|x64
		Performance|x86 = Performance|x86
		PreProd|Any CPU = PreProd|Any CPU
		PreProd|x64 = PreProd|x64
		PreProd|x86 = PreProd|x86
		Release|Any CPU = Release|Any CPU
		Release|x64 = Release|x64
		Release|x86 = Release|x86
		Unit|Any CPU = Unit|Any CPU
		Unit|x64 = Unit|x64
		Unit|x86 = Unit|x86
	EndGlobalSection
	GlobalSection(ProjectConfigurationPlatforms) = postSolution
		{DB44EFCA-E7D2-4AD5-BC7F-790DCBEEC0AF}.Acceptance|Any CPU.ActiveCfg = Release|Any CPU
		{DB44EFCA-E7D2-4AD5-BC7F-790DCBEEC0AF}.Acceptance|Any CPU.Build.0 = Release|Any CPU
		{DB44EFCA-E7D2-4AD5-BC7F-790DCBEEC0AF}.Acceptance|x64.ActiveCfg = Release|Any CPU
		{DB44EFCA-E7D2-4AD5-BC7F-790DCBEEC0AF}.Acceptance|x86.ActiveCfg = Release|Any CPU
		{DB44EFCA-E7D2-4AD5-BC7F-790DCBEEC0AF}.Debug|Any CPU.ActiveCfg = Debug|Any CPU
		{DB44EFCA-E7D2-4AD5-BC7F-790DCBEEC0AF}.Debug|Any CPU.Build.0 = Debug|Any CPU
		{DB44EFCA-E7D2-4AD5-BC7F-790DCBEEC0AF}.Debug|x64.ActiveCfg = Debug|Any CPU
		{DB44EFCA-E7D2-4AD5-BC7F-790DCBEEC0AF}.Debug|x86.ActiveCfg = Debug|Any CPU
		{DB44EFCA-E7D2-4AD5-BC7F-790DCBEEC0AF}.Demo|Any CPU.ActiveCfg = Debug|Any CPU
		{DB44EFCA-E7D2-4AD5-BC7F-790DCBEEC0AF}.Demo|Any CPU.Build.0 = Debug|Any CPU
		{DB44EFCA-E7D2-4AD5-BC7F-790DCBEEC0AF}.Demo|x64.ActiveCfg = Debug|Any CPU
		{DB44EFCA-E7D2-4AD5-BC7F-790DCBEEC0AF}.Demo|x86.ActiveCfg = Debug|Any CPU
		{DB44EFCA-E7D2-4AD5-BC7F-790DCBEEC0AF}.Integration|Any CPU.ActiveCfg = Release|Any CPU
		{DB44EFCA-E7D2-4AD5-BC7F-790DCBEEC0AF}.Integration|Any CPU.Build.0 = Release|Any CPU
		{DB44EFCA-E7D2-4AD5-BC7F-790DCBEEC0AF}.Integration|x64.ActiveCfg = Release|Any CPU
		{DB44EFCA-E7D2-4AD5-BC7F-790DCBEEC0AF}.Integration|x86.ActiveCfg = Release|Any CPU
		{DB44EFCA-E7D2-4AD5-BC7F-790DCBEEC0AF}.Performance|Any CPU.ActiveCfg = Release|Any CPU
		{DB44EFCA-E7D2-4AD5-BC7F-790DCBEEC0AF}.Performance|Any CPU.Build.0 = Release|Any CPU
		{DB44EFCA-E7D2-4AD5-BC7F-790DCBEEC0AF}.Performance|x64.ActiveCfg = Release|Any CPU
		{DB44EFCA-E7D2-4AD5-BC7F-790DCBEEC0AF}.Performance|x86.ActiveCfg = Release|Any CPU
		{DB44EFCA-E7D2-4AD5-BC7F-790DCBEEC0AF}.PreProd|Any CPU.ActiveCfg = Release|Any CPU
		{DB44EFCA-E7D2-4AD5-BC7F-790DCBEEC0AF}.PreProd|Any CPU.Build.0 = Release|Any CPU
		{DB44EFCA-E7D2-4AD5-BC7F-790DCBEEC0AF}.PreProd|x64.ActiveCfg = Release|Any CPU
		{DB44EFCA-E7D2-4AD5-BC7F-790DCBEEC0AF}.PreProd|x86.ActiveCfg = Release|Any CPU
		{DB44EFCA-E7D2-4AD5-BC7F-790DCBEEC0AF}.Release|Any CPU.ActiveCfg = Release|Any CPU
		{DB44EFCA-E7D2-4AD5-BC7F-790DCBEEC0AF}.Release|Any CPU.Build.0 = Release|Any CPU
		{DB44EFCA-E7D2-4AD5-BC7F-790DCBEEC0AF}.Release|x64.ActiveCfg = Release|Any CPU
		{DB44EFCA-E7D2-4AD5-BC7F-790DCBEEC0AF}.Release|x86.ActiveCfg = Release|Any CPU
		{DB44EFCA-E7D2-4AD5-BC7F-790DCBEEC0AF}.Unit|Any CPU.ActiveCfg = Release|Any CPU
		{DB44EFCA-E7D2-4AD5-BC7F-790DCBEEC0AF}.Unit|Any CPU.Build.0 = Release|Any CPU
		{DB44EFCA-E7D2-4AD5-BC7F-790DCBEEC0AF}.Unit|x64.ActiveCfg = Release|Any CPU
		{DB44EFCA-E7D2-4AD5-BC7F-790DCBEEC0AF}.Unit|x86.ActiveCfg = Release|Any CPU
		{8BC5AB52-E67F-4A24-BF56-A7F1AA45B851}.Acceptance|Any CPU.ActiveCfg = Release|Any CPU
		{8BC5AB52-E67F-4A24-BF56-A7F1AA45B851}.Acceptance|Any CPU.Build.0 = Release|Any CPU
		{8BC5AB52-E67F-4A24-BF56-A7F1AA45B851}.Acceptance|x64.ActiveCfg = Release|Any CPU
		{8BC5AB52-E67F-4A24-BF56-A7F1AA45B851}.Acceptance|x86.ActiveCfg = Release|Any CPU
		{8BC5AB52-E67F-4A24-BF56-A7F1AA45B851}.Debug|Any CPU.ActiveCfg = Debug|Any CPU
		{8BC5AB52-E67F-4A24-BF56-A7F1AA45B851}.Debug|Any CPU.Build.0 = Debug|Any CPU
		{8BC5AB52-E67F-4A24-BF56-A7F1AA45B851}.Debug|x64.ActiveCfg = Debug|Any CPU
		{8BC5AB52-E67F-4A24-BF56-A7F1AA45B851}.Debug|x86.ActiveCfg = Debug|Any CPU
		{8BC5AB52-E67F-4A24-BF56-A7F1AA45B851}.Demo|Any CPU.ActiveCfg = Debug|Any CPU
		{8BC5AB52-E67F-4A24-BF56-A7F1AA45B851}.Demo|Any CPU.Build.0 = Debug|Any CPU
		{8BC5AB52-E67F-4A24-BF56-A7F1AA45B851}.Demo|x64.ActiveCfg = Debug|Any CPU
		{8BC5AB52-E67F-4A24-BF56-A7F1AA45B851}.Demo|x86.ActiveCfg = Debug|Any CPU
		{8BC5AB52-E67F-4A24-BF56-A7F1AA45B851}.Integration|Any CPU.ActiveCfg = Release|Any CPU
		{8BC5AB52-E67F-4A24-BF56-A7F1AA45B851}.Integration|Any CPU.Build.0 = Release|Any CPU
		{8BC5AB52-E67F-4A24-BF56-A7F1AA45B851}.Integration|x64.ActiveCfg = Release|Any CPU
		{8BC5AB52-E67F-4A24-BF56-A7F1AA45B851}.Integration|x86.ActiveCfg = Release|Any CPU
		{8BC5AB52-E67F-4A24-BF56-A7F1AA45B851}.Performance|Any CPU.ActiveCfg = Release|Any CPU
		{8BC5AB52-E67F-4A24-BF56-A7F1AA45B851}.Performance|Any CPU.Build.0 = Release|Any CPU
		{8BC5AB52-E67F-4A24-BF56-A7F1AA45B851}.Performance|x64.ActiveCfg = Release|Any CPU
		{8BC5AB52-E67F-4A24-BF56-A7F1AA45B851}.Performance|x86.ActiveCfg = Release|Any CPU
		{8BC5AB52-E67F-4A24-BF56-A7F1AA45B851}.PreProd|Any CPU.ActiveCfg = Release|Any CPU
		{8BC5AB52-E67F-4A24-BF56-A7F1AA45B851}.PreProd|Any CPU.Build.0 = Release|Any CPU
		{8BC5AB52-E67F-4A24-BF56-A7F1AA45B851}.PreProd|x64.ActiveCfg = Release|Any CPU
		{8BC5AB52-E67F-4A24-BF56-A7F1AA45B851}.PreProd|x86.ActiveCfg = Release|Any CPU
		{8BC5AB52-E67F-4A24-BF56-A7F1AA45B851}.Release|Any CPU.ActiveCfg = Release|Any CPU
		{8BC5AB52-E67F-4A24-BF56-A7F1AA45B851}.Release|Any CPU.Build.0 = Release|Any CPU
		{8BC5AB52-E67F-4A24-BF56-A7F1AA45B851}.Release|x64.ActiveCfg = Release|Any CPU
		{8BC5AB52-E67F-4A24-BF56-A7F1AA45B851}.Release|x86.ActiveCfg = Release|Any CPU
		{8BC5AB52-E67F-4A24-BF56-A7F1AA45B851}.Unit|Any CPU.ActiveCfg = Release|Any CPU
		{8BC5AB52-E67F-4A24-BF56-A7F1AA45B851}.Unit|Any CPU.Build.0 = Release|Any CPU
		{8BC5AB52-E67F-4A24-BF56-A7F1AA45B851}.Unit|x64.ActiveCfg = Release|Any CPU
		{8BC5AB52-E67F-4A24-BF56-A7F1AA45B851}.Unit|x86.ActiveCfg = Release|Any CPU
		{D53A6C1C-947B-47F0-A88C-767D8702ED5C}.Acceptance|Any CPU.ActiveCfg = Release|Any CPU
		{D53A6C1C-947B-47F0-A88C-767D8702ED5C}.Acceptance|Any CPU.Build.0 = Release|Any CPU
		{D53A6C1C-947B-47F0-A88C-767D8702ED5C}.Acceptance|x64.ActiveCfg = Release|Any CPU
		{D53A6C1C-947B-47F0-A88C-767D8702ED5C}.Acceptance|x86.ActiveCfg = Release|Any CPU
		{D53A6C1C-947B-47F0-A88C-767D8702ED5C}.Debug|Any CPU.ActiveCfg = Debug|Any CPU
		{D53A6C1C-947B-47F0-A88C-767D8702ED5C}.Debug|Any CPU.Build.0 = Debug|Any CPU
		{D53A6C1C-947B-47F0-A88C-767D8702ED5C}.Debug|x64.ActiveCfg = Debug|Any CPU
		{D53A6C1C-947B-47F0-A88C-767D8702ED5C}.Debug|x86.ActiveCfg = Debug|Any CPU
		{D53A6C1C-947B-47F0-A88C-767D8702ED5C}.Demo|Any CPU.ActiveCfg = Debug|Any CPU
		{D53A6C1C-947B-47F0-A88C-767D8702ED5C}.Demo|Any CPU.Build.0 = Debug|Any CPU
		{D53A6C1C-947B-47F0-A88C-767D8702ED5C}.Demo|x64.ActiveCfg = Debug|Any CPU
		{D53A6C1C-947B-47F0-A88C-767D8702ED5C}.Demo|x86.ActiveCfg = Debug|Any CPU
		{D53A6C1C-947B-47F0-A88C-767D8702ED5C}.Integration|Any CPU.ActiveCfg = Release|Any CPU
		{D53A6C1C-947B-47F0-A88C-767D8702ED5C}.Integration|Any CPU.Build.0 = Release|Any CPU
		{D53A6C1C-947B-47F0-A88C-767D8702ED5C}.Integration|x64.ActiveCfg = Release|Any CPU
		{D53A6C1C-947B-47F0-A88C-767D8702ED5C}.Integration|x86.ActiveCfg = Release|Any CPU
		{D53A6C1C-947B-47F0-A88C-767D8702ED5C}.Performance|Any CPU.ActiveCfg = Release|Any CPU
		{D53A6C1C-947B-47F0-A88C-767D8702ED5C}.Performance|Any CPU.Build.0 = Release|Any CPU
		{D53A6C1C-947B-47F0-A88C-767D8702ED5C}.Performance|x64.ActiveCfg = Release|Any CPU
		{D53A6C1C-947B-47F0-A88C-767D8702ED5C}.Performance|x86.ActiveCfg = Release|Any CPU
		{D53A6C1C-947B-47F0-A88C-767D8702ED5C}.PreProd|Any CPU.ActiveCfg = Release|Any CPU
		{D53A6C1C-947B-47F0-A88C-767D8702ED5C}.PreProd|Any CPU.Build.0 = Release|Any CPU
		{D53A6C1C-947B-47F0-A88C-767D8702ED5C}.PreProd|x64.ActiveCfg = Release|Any CPU
		{D53A6C1C-947B-47F0-A88C-767D8702ED5C}.PreProd|x86.ActiveCfg = Release|Any CPU
		{D53A6C1C-947B-47F0-A88C-767D8702ED5C}.Release|Any CPU.ActiveCfg = Release|Any CPU
		{D53A6C1C-947B-47F0-A88C-767D8702ED5C}.Release|Any CPU.Build.0 = Release|Any CPU
		{D53A6C1C-947B-47F0-A88C-767D8702ED5C}.Release|x64.ActiveCfg = Release|Any CPU
		{D53A6C1C-947B-47F0-A88C-767D8702ED5C}.Release|x86.ActiveCfg = Release|Any CPU
		{D53A6C1C-947B-47F0-A88C-767D8702ED5C}.Unit|Any CPU.ActiveCfg = Release|Any CPU
		{D53A6C1C-947B-47F0-A88C-767D8702ED5C}.Unit|Any CPU.Build.0 = Release|Any CPU
		{D53A6C1C-947B-47F0-A88C-767D8702ED5C}.Unit|x64.ActiveCfg = Release|Any CPU
		{D53A6C1C-947B-47F0-A88C-767D8702ED5C}.Unit|x86.ActiveCfg = Release|Any CPU
		{7C069B6E-6BE7-4858-BF02-723C0BBC3BF5}.Acceptance|Any CPU.ActiveCfg = Release|Any CPU
		{7C069B6E-6BE7-4858-BF02-723C0BBC3BF5}.Acceptance|Any CPU.Build.0 = Release|Any CPU
		{7C069B6E-6BE7-4858-BF02-723C0BBC3BF5}.Acceptance|x64.ActiveCfg = Release|Any CPU
		{7C069B6E-6BE7-4858-BF02-723C0BBC3BF5}.Acceptance|x86.ActiveCfg = Release|Any CPU
		{7C069B6E-6BE7-4858-BF02-723C0BBC3BF5}.Debug|Any CPU.ActiveCfg = Debug|Any CPU
		{7C069B6E-6BE7-4858-BF02-723C0BBC3BF5}.Debug|Any CPU.Build.0 = Debug|Any CPU
		{7C069B6E-6BE7-4858-BF02-723C0BBC3BF5}.Debug|x64.ActiveCfg = Debug|Any CPU
		{7C069B6E-6BE7-4858-BF02-723C0BBC3BF5}.Debug|x86.ActiveCfg = Debug|Any CPU
		{7C069B6E-6BE7-4858-BF02-723C0BBC3BF5}.Demo|Any CPU.ActiveCfg = Debug|Any CPU
		{7C069B6E-6BE7-4858-BF02-723C0BBC3BF5}.Demo|Any CPU.Build.0 = Debug|Any CPU
		{7C069B6E-6BE7-4858-BF02-723C0BBC3BF5}.Demo|x64.ActiveCfg = Debug|Any CPU
		{7C069B6E-6BE7-4858-BF02-723C0BBC3BF5}.Demo|x86.ActiveCfg = Debug|Any CPU
		{7C069B6E-6BE7-4858-BF02-723C0BBC3BF5}.Integration|Any CPU.ActiveCfg = Release|Any CPU
		{7C069B6E-6BE7-4858-BF02-723C0BBC3BF5}.Integration|Any CPU.Build.0 = Release|Any CPU
		{7C069B6E-6BE7-4858-BF02-723C0BBC3BF5}.Integration|x64.ActiveCfg = Release|Any CPU
		{7C069B6E-6BE7-4858-BF02-723C0BBC3BF5}.Integration|x86.ActiveCfg = Release|Any CPU
		{7C069B6E-6BE7-4858-BF02-723C0BBC3BF5}.Performance|Any CPU.ActiveCfg = Release|Any CPU
		{7C069B6E-6BE7-4858-BF02-723C0BBC3BF5}.Performance|Any CPU.Build.0 = Release|Any CPU
		{7C069B6E-6BE7-4858-BF02-723C0BBC3BF5}.Performance|x64.ActiveCfg = Release|Any CPU
		{7C069B6E-6BE7-4858-BF02-723C0BBC3BF5}.Performance|x86.ActiveCfg = Release|Any CPU
		{7C069B6E-6BE7-4858-BF02-723C0BBC3BF5}.PreProd|Any CPU.ActiveCfg = Release|Any CPU
		{7C069B6E-6BE7-4858-BF02-723C0BBC3BF5}.PreProd|Any CPU.Build.0 = Release|Any CPU
		{7C069B6E-6BE7-4858-BF02-723C0BBC3BF5}.PreProd|x64.ActiveCfg = Release|Any CPU
		{7C069B6E-6BE7-4858-BF02-723C0BBC3BF5}.PreProd|x86.ActiveCfg = Release|Any CPU
		{7C069B6E-6BE7-4858-BF02-723C0BBC3BF5}.Release|Any CPU.ActiveCfg = Release|Any CPU
		{7C069B6E-6BE7-4858-BF02-723C0BBC3BF5}.Release|Any CPU.Build.0 = Release|Any CPU
		{7C069B6E-6BE7-4858-BF02-723C0BBC3BF5}.Release|x64.ActiveCfg = Release|Any CPU
		{7C069B6E-6BE7-4858-BF02-723C0BBC3BF5}.Release|x86.ActiveCfg = Release|Any CPU
		{7C069B6E-6BE7-4858-BF02-723C0BBC3BF5}.Unit|Any CPU.ActiveCfg = Release|Any CPU
		{7C069B6E-6BE7-4858-BF02-723C0BBC3BF5}.Unit|Any CPU.Build.0 = Release|Any CPU
		{7C069B6E-6BE7-4858-BF02-723C0BBC3BF5}.Unit|x64.ActiveCfg = Release|Any CPU
		{7C069B6E-6BE7-4858-BF02-723C0BBC3BF5}.Unit|x86.ActiveCfg = Release|Any CPU
		{CB45C8D3-6167-49DA-98FD-77BEB38F4DAB}.Acceptance|Any CPU.ActiveCfg = Acceptance|Any CPU
		{CB45C8D3-6167-49DA-98FD-77BEB38F4DAB}.Acceptance|Any CPU.Build.0 = Acceptance|Any CPU
		{CB45C8D3-6167-49DA-98FD-77BEB38F4DAB}.Acceptance|x64.ActiveCfg = Acceptance|x64
		{CB45C8D3-6167-49DA-98FD-77BEB38F4DAB}.Acceptance|x64.Build.0 = Acceptance|x64
		{CB45C8D3-6167-49DA-98FD-77BEB38F4DAB}.Acceptance|x86.ActiveCfg = Acceptance|x86
		{CB45C8D3-6167-49DA-98FD-77BEB38F4DAB}.Acceptance|x86.Build.0 = Acceptance|x86
		{CB45C8D3-6167-49DA-98FD-77BEB38F4DAB}.Debug|Any CPU.ActiveCfg = Debug|Any CPU
		{CB45C8D3-6167-49DA-98FD-77BEB38F4DAB}.Debug|Any CPU.Build.0 = Debug|Any CPU
		{CB45C8D3-6167-49DA-98FD-77BEB38F4DAB}.Debug|x64.ActiveCfg = Debug|x64
		{CB45C8D3-6167-49DA-98FD-77BEB38F4DAB}.Debug|x64.Build.0 = Debug|x64
		{CB45C8D3-6167-49DA-98FD-77BEB38F4DAB}.Debug|x86.ActiveCfg = Debug|x86
		{CB45C8D3-6167-49DA-98FD-77BEB38F4DAB}.Debug|x86.Build.0 = Debug|x86
		{CB45C8D3-6167-49DA-98FD-77BEB38F4DAB}.Demo|Any CPU.ActiveCfg = Demo|Any CPU
		{CB45C8D3-6167-49DA-98FD-77BEB38F4DAB}.Demo|Any CPU.Build.0 = Demo|Any CPU
		{CB45C8D3-6167-49DA-98FD-77BEB38F4DAB}.Demo|x64.ActiveCfg = Demo|x64
		{CB45C8D3-6167-49DA-98FD-77BEB38F4DAB}.Demo|x64.Build.0 = Demo|x64
		{CB45C8D3-6167-49DA-98FD-77BEB38F4DAB}.Demo|x86.ActiveCfg = Demo|x86
		{CB45C8D3-6167-49DA-98FD-77BEB38F4DAB}.Demo|x86.Build.0 = Demo|x86
		{CB45C8D3-6167-49DA-98FD-77BEB38F4DAB}.Integration|Any CPU.ActiveCfg = Integration|Any CPU
		{CB45C8D3-6167-49DA-98FD-77BEB38F4DAB}.Integration|Any CPU.Build.0 = Integration|Any CPU
		{CB45C8D3-6167-49DA-98FD-77BEB38F4DAB}.Integration|x64.ActiveCfg = Integration|x64
		{CB45C8D3-6167-49DA-98FD-77BEB38F4DAB}.Integration|x64.Build.0 = Integration|x64
		{CB45C8D3-6167-49DA-98FD-77BEB38F4DAB}.Integration|x86.ActiveCfg = Integration|x86
		{CB45C8D3-6167-49DA-98FD-77BEB38F4DAB}.Integration|x86.Build.0 = Integration|x86
		{CB45C8D3-6167-49DA-98FD-77BEB38F4DAB}.Performance|Any CPU.ActiveCfg = Performance|Any CPU
		{CB45C8D3-6167-49DA-98FD-77BEB38F4DAB}.Performance|Any CPU.Build.0 = Performance|Any CPU
		{CB45C8D3-6167-49DA-98FD-77BEB38F4DAB}.Performance|x64.ActiveCfg = Performance|x64
		{CB45C8D3-6167-49DA-98FD-77BEB38F4DAB}.Performance|x64.Build.0 = Performance|x64
		{CB45C8D3-6167-49DA-98FD-77BEB38F4DAB}.Performance|x86.ActiveCfg = Performance|x86
		{CB45C8D3-6167-49DA-98FD-77BEB38F4DAB}.Performance|x86.Build.0 = Performance|x86
		{CB45C8D3-6167-49DA-98FD-77BEB38F4DAB}.PreProd|Any CPU.ActiveCfg = PreProd|Any CPU
		{CB45C8D3-6167-49DA-98FD-77BEB38F4DAB}.PreProd|Any CPU.Build.0 = PreProd|Any CPU
		{CB45C8D3-6167-49DA-98FD-77BEB38F4DAB}.PreProd|x64.ActiveCfg = PreProd|x64
		{CB45C8D3-6167-49DA-98FD-77BEB38F4DAB}.PreProd|x64.Build.0 = PreProd|x64
		{CB45C8D3-6167-49DA-98FD-77BEB38F4DAB}.PreProd|x86.ActiveCfg = PreProd|x86
		{CB45C8D3-6167-49DA-98FD-77BEB38F4DAB}.PreProd|x86.Build.0 = PreProd|x86
		{CB45C8D3-6167-49DA-98FD-77BEB38F4DAB}.Release|Any CPU.ActiveCfg = Release|Any CPU
		{CB45C8D3-6167-49DA-98FD-77BEB38F4DAB}.Release|Any CPU.Build.0 = Release|Any CPU
		{CB45C8D3-6167-49DA-98FD-77BEB38F4DAB}.Release|x64.ActiveCfg = Release|x64
		{CB45C8D3-6167-49DA-98FD-77BEB38F4DAB}.Release|x64.Build.0 = Release|x64
		{CB45C8D3-6167-49DA-98FD-77BEB38F4DAB}.Release|x86.ActiveCfg = Release|x86
		{CB45C8D3-6167-49DA-98FD-77BEB38F4DAB}.Release|x86.Build.0 = Release|x86
		{CB45C8D3-6167-49DA-98FD-77BEB38F4DAB}.Unit|Any CPU.ActiveCfg = Unit|Any CPU
		{CB45C8D3-6167-49DA-98FD-77BEB38F4DAB}.Unit|Any CPU.Build.0 = Unit|Any CPU
		{CB45C8D3-6167-49DA-98FD-77BEB38F4DAB}.Unit|x64.ActiveCfg = Unit|x64
		{CB45C8D3-6167-49DA-98FD-77BEB38F4DAB}.Unit|x64.Build.0 = Unit|x64
		{CB45C8D3-6167-49DA-98FD-77BEB38F4DAB}.Unit|x86.ActiveCfg = Unit|x86
		{CB45C8D3-6167-49DA-98FD-77BEB38F4DAB}.Unit|x86.Build.0 = Unit|x86
	EndGlobalSection
	GlobalSection(SolutionProperties) = preSolution
		HideSolutionNode = FALSE
	EndGlobalSection
EndGlobal
